// !$*UTF8*$!
{
	archiveVersion = 1;
	classes = {
	};
	objectVersion = 55;
	objects = {

/* Begin PBXBuildFile section */
		26DDB6852B3A4CB700522FEA /* SightCalcApp.swift in Sources */ = {isa = PBXBuildFile; fileRef = 26DDB6842B3A4CB700522FEA /* SightCalcApp.swift */; };
		26DDB6872B3A4CB700522FEA /* ContentView.swift in Sources */ = {isa = PBXBuildFile; fileRef = 26DDB6862B3A4CB700522FEA /* ContentView.swift */; };
		26DDB6892B3A4CC800522FEA /* Assets.xcassets in Resources */ = {isa = PBXBuildFile; fileRef = 26DDB6882B3A4CC800522FEA /* Assets.xcassets */; };
		26DDB68C2B3A4CC800522FEA /* Preview Assets.xcassets in Resources */ = {isa = PBXBuildFile; fileRef = 26DDB68B2B3A4CC800522FEA /* Preview Assets.xcassets */; };
		26DDB6962B3A4CCB00522FEA /* SightCalcTests.swift in Sources */ = {isa = PBXBuildFile; fileRef = 26DDB6952B3A4CCB00522FEA /* SightCalcTests.swift */; };
		26DDB6A02B3A4CCB00522FEA /* SightCalcUITests.swift in Sources */ = {isa = PBXBuildFile; fileRef = 26DDB69F2B3A4CCB00522FEA /* SightCalcUITests.swift */; };
		26DDB6A22B3A4CCB00522FEA /* SightCalcUITestsLaunchTests.swift in Sources */ = {isa = PBXBuildFile; fileRef = 26DDB6A12B3A4CCB00522FEA /* SightCalcUITestsLaunchTests.swift */; };
		26DDB6B02B3BC7DA00522FEA /* SC-ContentView.swift in Sources */ = {isa = PBXBuildFile; fileRef = 26DDB6AE2B3BC77800522FEA /* SC-ContentView.swift */; };
/* End PBXBuildFile section */

/* Begin PBXContainerItemProxy section */
		26DDB6922B3A4CCB00522FEA /* PBXContainerItemProxy */ = {
			isa = PBXContainerItemProxy;
			containerPortal = 26DDB6792B3A4CB700522FEA /* Project object */;
			proxyType = 1;
			remoteGlobalIDString = 26DDB6802B3A4CB700522FEA;
			remoteInfo = SightCalc;
		};
		26DDB69C2B3A4CCB00522FEA /* PBXContainerItemProxy */ = {
			isa = PBXContainerItemProxy;
			containerPortal = 26DDB6792B3A4CB700522FEA /* Project object */;
			proxyType = 1;
			remoteGlobalIDString = 26DDB6802B3A4CB700522FEA;
			remoteInfo = SightCalc;
		};
/* End PBXContainerItemProxy section */

/* Begin PBXFileReference section */
		26DDB6812B3A4CB700522FEA /* SightCalc.app */ = {isa = PBXFileReference; explicitFileType = wrapper.application; includeInIndex = 0; path = SightCalc.app; sourceTree = BUILT_PRODUCTS_DIR; };
		26DDB6842B3A4CB700522FEA /* SightCalcApp.swift */ = {isa = PBXFileReference; lastKnownFileType = sourcecode.swift; path = SightCalcApp.swift; sourceTree = "<group>"; };
		26DDB6862B3A4CB700522FEA /* ContentView.swift */ = {isa = PBXFileReference; lastKnownFileType = sourcecode.swift; path = ContentView.swift; sourceTree = "<group>"; };
		26DDB6882B3A4CC800522FEA /* Assets.xcassets */ = {isa = PBXFileReference; lastKnownFileType = folder.assetcatalog; path = Assets.xcassets; sourceTree = "<group>"; };
		26DDB68B2B3A4CC800522FEA /* Preview Assets.xcassets */ = {isa = PBXFileReference; lastKnownFileType = folder.assetcatalog; path = "Preview Assets.xcassets"; sourceTree = "<group>"; };
		26DDB6912B3A4CCB00522FEA /* SightCalcTests.xctest */ = {isa = PBXFileReference; explicitFileType = wrapper.cfbundle; includeInIndex = 0; path = SightCalcTests.xctest; sourceTree = BUILT_PRODUCTS_DIR; };
		26DDB6952B3A4CCB00522FEA /* SightCalcTests.swift */ = {isa = PBXFileReference; lastKnownFileType = sourcecode.swift; path = SightCalcTests.swift; sourceTree = "<group>"; };
		26DDB69B2B3A4CCB00522FEA /* SightCalcUITests.xctest */ = {isa = PBXFileReference; explicitFileType = wrapper.cfbundle; includeInIndex = 0; path = SightCalcUITests.xctest; sourceTree = BUILT_PRODUCTS_DIR; };
		26DDB69F2B3A4CCB00522FEA /* SightCalcUITests.swift */ = {isa = PBXFileReference; lastKnownFileType = sourcecode.swift; path = SightCalcUITests.swift; sourceTree = "<group>"; };
		26DDB6A12B3A4CCB00522FEA /* SightCalcUITestsLaunchTests.swift */ = {isa = PBXFileReference; lastKnownFileType = sourcecode.swift; path = SightCalcUITestsLaunchTests.swift; sourceTree = "<group>"; };
		26DDB6AE2B3BC77800522FEA /* SC-ContentView.swift */ = {isa = PBXFileReference; fileEncoding = 4; lastKnownFileType = sourcecode.swift; path = "SC-ContentView.swift"; sourceTree = "<group>"; };
/* End PBXFileReference section */

/* Begin PBXFrameworksBuildPhase section */
		26DDB67E2B3A4CB700522FEA /* Frameworks */ = {
			isa = PBXFrameworksBuildPhase;
			buildActionMask = 2147483647;
			files = (
			);
			runOnlyForDeploymentPostprocessing = 0;
		};
		26DDB68E2B3A4CCB00522FEA /* Frameworks */ = {
			isa = PBXFrameworksBuildPhase;
			buildActionMask = 2147483647;
			files = (
			);
			runOnlyForDeploymentPostprocessing = 0;
		};
		26DDB6982B3A4CCB00522FEA /* Frameworks */ = {
			isa = PBXFrameworksBuildPhase;
			buildActionMask = 2147483647;
			files = (
			);
			runOnlyForDeploymentPostprocessing = 0;
		};
/* End PBXFrameworksBuildPhase section */

/* Begin PBXGroup section */
		26DDB6782B3A4CB700522FEA = {
			isa = PBXGroup;
			children = (
				26DDB6832B3A4CB700522FEA /* SightCalc */,
				26DDB6942B3A4CCB00522FEA /* SightCalcTests */,
				26DDB69E2B3A4CCB00522FEA /* SightCalcUITests */,
				26DDB6822B3A4CB700522FEA /* Products */,
			);
			sourceTree = "<group>";
		};
		26DDB6822B3A4CB700522FEA /* Products */ = {
			isa = PBXGroup;
			children = (
				26DDB6812B3A4CB700522FEA /* SightCalc.app */,
				26DDB6912B3A4CCB00522FEA /* SightCalcTests.xctest */,
				26DDB69B2B3A4CCB00522FEA /* SightCalcUITests.xctest */,
			);
			name = Products;
			sourceTree = "<group>";
		};
		26DDB6832B3A4CB700522FEA /* SightCalc */ = {
			isa = PBXGroup;
			children = (
				26DDB6842B3A4CB700522FEA /* SightCalcApp.swift */,
				26DDB6862B3A4CB700522FEA /* ContentView.swift */,
				26DDB6882B3A4CC800522FEA /* Assets.xcassets */,
				26DDB68A2B3A4CC800522FEA /* Preview Content */,
			);
			path = SightCalc;
			sourceTree = "<group>";
		};
		26DDB68A2B3A4CC800522FEA /* Preview Content */ = {
			isa = PBXGroup;
			children = (
				26DDB68B2B3A4CC800522FEA /* Preview Assets.xcassets */,
			);
			path = "Preview Content";
			sourceTree = "<group>";
		};
		26DDB6942B3A4CCB00522FEA /* SightCalcTests */ = {
			isa = PBXGroup;
			children = (
				26DDB6AE2B3BC77800522FEA /* SC-ContentView.swift */,
				26DDB6952B3A4CCB00522FEA /* SightCalcTests.swift */,
			);
			path = SightCalcTests;
			sourceTree = "<group>";
		};
		26DDB69E2B3A4CCB00522FEA /* SightCalcUITests */ = {
			isa = PBXGroup;
			children = (
				26DDB69F2B3A4CCB00522FEA /* SightCalcUITests.swift */,
				26DDB6A12B3A4CCB00522FEA /* SightCalcUITestsLaunchTests.swift */,
			);
			path = SightCalcUITests;
			sourceTree = "<group>";
		};
/* End PBXGroup section */

/* Begin PBXNativeTarget section */
		26DDB6802B3A4CB700522FEA /* SightCalc */ = {
			isa = PBXNativeTarget;
			buildConfigurationList = 26DDB6A52B3A4CCB00522FEA /* Build configuration list for PBXNativeTarget "SightCalc" */;
			buildPhases = (
				26DDB67D2B3A4CB700522FEA /* Sources */,
				26DDB67E2B3A4CB700522FEA /* Frameworks */,
				26DDB67F2B3A4CB700522FEA /* Resources */,
			);
			buildRules = (
			);
			dependencies = (
			);
			name = SightCalc;
			productName = SightCalc;
			productReference = 26DDB6812B3A4CB700522FEA /* SightCalc.app */;
			productType = "com.apple.product-type.application";
		};
		26DDB6902B3A4CCB00522FEA /* SightCalcTests */ = {
			isa = PBXNativeTarget;
			buildConfigurationList = 26DDB6A82B3A4CCB00522FEA /* Build configuration list for PBXNativeTarget "SightCalcTests" */;
			buildPhases = (
				26DDB68D2B3A4CCB00522FEA /* Sources */,
				26DDB68E2B3A4CCB00522FEA /* Frameworks */,
				26DDB68F2B3A4CCB00522FEA /* Resources */,
			);
			buildRules = (
			);
			dependencies = (
				26DDB6932B3A4CCB00522FEA /* PBXTargetDependency */,
			);
			name = SightCalcTests;
			productName = SightCalcTests;
			productReference = 26DDB6912B3A4CCB00522FEA /* SightCalcTests.xctest */;
			productType = "com.apple.product-type.bundle.unit-test";
		};
		26DDB69A2B3A4CCB00522FEA /* SightCalcUITests */ = {
			isa = PBXNativeTarget;
			buildConfigurationList = 26DDB6AB2B3A4CCB00522FEA /* Build configuration list for PBXNativeTarget "SightCalcUITests" */;
			buildPhases = (
				26DDB6972B3A4CCB00522FEA /* Sources */,
				26DDB6982B3A4CCB00522FEA /* Frameworks */,
				26DDB6992B3A4CCB00522FEA /* Resources */,
			);
			buildRules = (
			);
			dependencies = (
				26DDB69D2B3A4CCB00522FEA /* PBXTargetDependency */,
			);
			name = SightCalcUITests;
			productName = SightCalcUITests;
			productReference = 26DDB69B2B3A4CCB00522FEA /* SightCalcUITests.xctest */;
			productType = "com.apple.product-type.bundle.ui-testing";
		};
/* End PBXNativeTarget section */

/* Begin PBXProject section */
		26DDB6792B3A4CB700522FEA /* Project object */ = {
			isa = PBXProject;
			attributes = {
				BuildIndependentTargetsInParallel = 1;
				LastSwiftUpdateCheck = 1340;
				LastUpgradeCheck = 1340;
				TargetAttributes = {
					26DDB6802B3A4CB700522FEA = {
						CreatedOnToolsVersion = 13.4.1;
					};
					26DDB6902B3A4CCB00522FEA = {
						CreatedOnToolsVersion = 13.4.1;
						TestTargetID = 26DDB6802B3A4CB700522FEA;
					};
					26DDB69A2B3A4CCB00522FEA = {
						CreatedOnToolsVersion = 13.4.1;
						TestTargetID = 26DDB6802B3A4CB700522FEA;
					};
				};
			};
			buildConfigurationList = 26DDB67C2B3A4CB700522FEA /* Build configuration list for PBXProject "SightCalc" */;
			compatibilityVersion = "Xcode 13.0";
			developmentRegion = en;
			hasScannedForEncodings = 0;
			knownRegions = (
				en,
				Base,
			);
			mainGroup = 26DDB6782B3A4CB700522FEA;
			productRefGroup = 26DDB6822B3A4CB700522FEA /* Products */;
			projectDirPath = "";
			projectRoot = "";
			targets = (
				26DDB6802B3A4CB700522FEA /* SightCalc */,
				26DDB6902B3A4CCB00522FEA /* SightCalcTests */,
				26DDB69A2B3A4CCB00522FEA /* SightCalcUITests */,
			);
		};
/* End PBXProject section */

/* Begin PBXResourcesBuildPhase section */
		26DDB67F2B3A4CB700522FEA /* Resources */ = {
			isa = PBXResourcesBuildPhase;
			buildActionMask = 2147483647;
			files = (
				26DDB68C2B3A4CC800522FEA /* Preview Assets.xcassets in Resources */,
				26DDB6892B3A4CC800522FEA /* Assets.xcassets in Resources */,
			);
			runOnlyForDeploymentPostprocessing = 0;
		};
		26DDB68F2B3A4CCB00522FEA /* Resources */ = {
			isa = PBXResourcesBuildPhase;
			buildActionMask = 2147483647;
			files = (
			);
			runOnlyForDeploymentPostprocessing = 0;
		};
		26DDB6992B3A4CCB00522FEA /* Resources */ = {
			isa = PBXResourcesBuildPhase;
			buildActionMask = 2147483647;
			files = (
			);
			runOnlyForDeploymentPostprocessing = 0;
		};
/* End PBXResourcesBuildPhase section */

/* Begin PBXSourcesBuildPhase section */
		26DDB67D2B3A4CB700522FEA /* Sources */ = {
			isa = PBXSourcesBuildPhase;
			buildActionMask = 2147483647;
			files = (
				26DDB6872B3A4CB700522FEA /* ContentView.swift in Sources */,
				26DDB6852B3A4CB700522FEA /* SightCalcApp.swift in Sources */,
			);
			runOnlyForDeploymentPostprocessing = 0;
		};
		26DDB68D2B3A4CCB00522FEA /* Sources */ = {
			isa = PBXSourcesBuildPhase;
			buildActionMask = 2147483647;
			files = (
				26DDB6B02B3BC7DA00522FEA /* SC-ContentView.swift in Sources */,
				26DDB6962B3A4CCB00522FEA /* SightCalcTests.swift in Sources */,
			);
			runOnlyForDeploymentPostprocessing = 0;
		};
		26DDB6972B3A4CCB00522FEA /* Sources */ = {
			isa = PBXSourcesBuildPhase;
			buildActionMask = 2147483647;
			files = (
				26DDB6A02B3A4CCB00522FEA /* SightCalcUITests.swift in Sources */,
				26DDB6A22B3A4CCB00522FEA /* SightCalcUITestsLaunchTests.swift in Sources */,
			);
			runOnlyForDeploymentPostprocessing = 0;
		};
/* End PBXSourcesBuildPhase section */

/* Begin PBXTargetDependency section */
		26DDB6932B3A4CCB00522FEA /* PBXTargetDependency */ = {
			isa = PBXTargetDependency;
			target = 26DDB6802B3A4CB700522FEA /* SightCalc */;
			targetProxy = 26DDB6922B3A4CCB00522FEA /* PBXContainerItemProxy */;
		};
		26DDB69D2B3A4CCB00522FEA /* PBXTargetDependency */ = {
			isa = PBXTargetDependency;
			target = 26DDB6802B3A4CB700522FEA /* SightCalc */;
			targetProxy = 26DDB69C2B3A4CCB00522FEA /* PBXContainerItemProxy */;
		};
/* End PBXTargetDependency section */

/* Begin XCBuildConfiguration section */
		26DDB6A32B3A4CCB00522FEA /* Debug */ = {
			isa = XCBuildConfiguration;
			buildSettings = {
				ALWAYS_SEARCH_USER_PATHS = NO;
				CLANG_ANALYZER_NONNULL = YES;
				CLANG_ANALYZER_NUMBER_OBJECT_CONVERSION = YES_AGGRESSIVE;
				CLANG_CXX_LANGUAGE_STANDARD = "gnu++17";
				CLANG_ENABLE_MODULES = YES;
				CLANG_ENABLE_OBJC_ARC = YES;
				CLANG_ENABLE_OBJC_WEAK = YES;
				CLANG_WARN_BLOCK_CAPTURE_AUTORELEASING = YES;
				CLANG_WARN_BOOL_CONVERSION = YES;
				CLANG_WARN_COMMA = YES;
				CLANG_WARN_CONSTANT_CONVERSION = YES;
				CLANG_WARN_DEPRECATED_OBJC_IMPLEMENTATIONS = YES;
				CLANG_WARN_DIRECT_OBJC_ISA_USAGE = YES_ERROR;
				CLANG_WARN_DOCUMENTATION_COMMENTS = YES;
				CLANG_WARN_EMPTY_BODY = YES;
				CLANG_WARN_ENUM_CONVERSION = YES;
				CLANG_WARN_INFINITE_RECURSION = YES;
				CLANG_WARN_INT_CONVERSION = YES;
				CLANG_WARN_NON_LITERAL_NULL_CONVERSION = YES;
				CLANG_WARN_OBJC_IMPLICIT_RETAIN_SELF = YES;
				CLANG_WARN_OBJC_LITERAL_CONVERSION = YES;
				CLANG_WARN_OBJC_ROOT_CLASS = YES_ERROR;
				CLANG_WARN_QUOTED_INCLUDE_IN_FRAMEWORK_HEADER = YES;
				CLANG_WARN_RANGE_LOOP_ANALYSIS = YES;
				CLANG_WARN_STRICT_PROTOTYPES = YES;
				CLANG_WARN_SUSPICIOUS_MOVE = YES;
				CLANG_WARN_UNGUARDED_AVAILABILITY = YES_AGGRESSIVE;
				CLANG_WARN_UNREACHABLE_CODE = YES;
				CLANG_WARN__DUPLICATE_METHOD_MATCH = YES;
				COPY_PHASE_STRIP = NO;
				DEBUG_INFORMATION_FORMAT = dwarf;
				ENABLE_STRICT_OBJC_MSGSEND = YES;
				ENABLE_TESTABILITY = YES;
				GCC_C_LANGUAGE_STANDARD = gnu11;
				GCC_DYNAMIC_NO_PIC = NO;
				GCC_NO_COMMON_BLOCKS = YES;
				GCC_OPTIMIZATION_LEVEL = 0;
				GCC_PREPROCESSOR_DEFINITIONS = (
					"DEBUG=1",
					"$(inherited)",
				);
				GCC_WARN_64_TO_32_BIT_CONVERSION = YES;
				GCC_WARN_ABOUT_RETURN_TYPE = YES_ERROR;
				GCC_WARN_UNDECLARED_SELECTOR = YES;
				GCC_WARN_UNINITIALIZED_AUTOS = YES_AGGRESSIVE;
				GCC_WARN_UNUSED_FUNCTION = YES;
				GCC_WARN_UNUSED_VARIABLE = YES;
				IPHONEOS_DEPLOYMENT_TARGET = 16.0;
				MTL_ENABLE_DEBUG_INFO = INCLUDE_SOURCE;
				MTL_FAST_MATH = YES;
				ONLY_ACTIVE_ARCH = YES;
				SDKROOT = iphoneos;
				SWIFT_ACTIVE_COMPILATION_CONDITIONS = DEBUG;
				SWIFT_OPTIMIZATION_LEVEL = "-Onone";
			};
			name = Debug;
		};
		26DDB6A42B3A4CCB00522FEA /* Release */ = {
			isa = XCBuildConfiguration;
			buildSettings = {
				ALWAYS_SEARCH_USER_PATHS = NO;
				CLANG_ANALYZER_NONNULL = YES;
				CLANG_ANALYZER_NUMBER_OBJECT_CONVERSION = YES_AGGRESSIVE;
				CLANG_CXX_LANGUAGE_STANDARD = "gnu++17";
				CLANG_ENABLE_MODULES = YES;
				CLANG_ENABLE_OBJC_ARC = YES;
				CLANG_ENABLE_OBJC_WEAK = YES;
				CLANG_WARN_BLOCK_CAPTURE_AUTORELEASING = YES;
				CLANG_WARN_BOOL_CONVERSION = YES;
				CLANG_WARN_COMMA = YES;
				CLANG_WARN_CONSTANT_CONVERSION = YES;
				CLANG_WARN_DEPRECATED_OBJC_IMPLEMENTATIONS = YES;
				CLANG_WARN_DIRECT_OBJC_ISA_USAGE = YES_ERROR;
				CLANG_WARN_DOCUMENTATION_COMMENTS = YES;
				CLANG_WARN_EMPTY_BODY = YES;
				CLANG_WARN_ENUM_CONVERSION = YES;
				CLANG_WARN_INFINITE_RECURSION = YES;
				CLANG_WARN_INT_CONVERSION = YES;
				CLANG_WARN_NON_LITERAL_NULL_CONVERSION = YES;
				CLANG_WARN_OBJC_IMPLICIT_RETAIN_SELF = YES;
				CLANG_WARN_OBJC_LITERAL_CONVERSION = YES;
				CLANG_WARN_OBJC_ROOT_CLASS = YES_ERROR;
				CLANG_WARN_QUOTED_INCLUDE_IN_FRAMEWORK_HEADER = YES;
				CLANG_WARN_RANGE_LOOP_ANALYSIS = YES;
				CLANG_WARN_STRICT_PROTOTYPES = YES;
				CLANG_WARN_SUSPICIOUS_MOVE = YES;
				CLANG_WARN_UNGUARDED_AVAILABILITY = YES_AGGRESSIVE;
				CLANG_WARN_UNREACHABLE_CODE = YES;
				CLANG_WARN__DUPLICATE_METHOD_MATCH = YES;
				COPY_PHASE_STRIP = NO;
				DEBUG_INFORMATION_FORMAT = "dwarf-with-dsym";
				ENABLE_NS_ASSERTIONS = NO;
				ENABLE_STRICT_OBJC_MSGSEND = YES;
				GCC_C_LANGUAGE_STANDARD = gnu11;
				GCC_NO_COMMON_BLOCKS = YES;
				GCC_WARN_64_TO_32_BIT_CONVERSION = YES;
				GCC_WARN_ABOUT_RETURN_TYPE = YES_ERROR;
				GCC_WARN_UNDECLARED_SELECTOR = YES;
				GCC_WARN_UNINITIALIZED_AUTOS = YES_AGGRESSIVE;
				GCC_WARN_UNUSED_FUNCTION = YES;
				GCC_WARN_UNUSED_VARIABLE = YES;
				IPHONEOS_DEPLOYMENT_TARGET = 16.0;
				MTL_ENABLE_DEBUG_INFO = NO;
				MTL_FAST_MATH = YES;
				SDKROOT = iphoneos;
				SWIFT_COMPILATION_MODE = wholemodule;
				SWIFT_OPTIMIZATION_LEVEL = "-O";
				VALIDATE_PRODUCT = YES;
			};
			name = Release;
		};
		26DDB6A62B3A4CCB00522FEA /* Debug */ = {
			isa = XCBuildConfiguration;
			buildSettings = {
				ASSETCATALOG_COMPILER_APPICON_NAME = AppIcon;
				ASSETCATALOG_COMPILER_GLOBAL_ACCENT_COLOR_NAME = AccentColor;
				CODE_SIGN_STYLE = Automatic;
				CURRENT_PROJECT_VERSION = 1;
				DEVELOPMENT_ASSET_PATHS = "\"SightCalc/Preview Content\"";
				DEVELOPMENT_TEAM = 68XXSW9RWL;
				ENABLE_PREVIEWS = YES;
				GENERATE_INFOPLIST_FILE = YES;
				INFOPLIST_KEY_UIApplicationSceneManifest_Generation = YES;
				INFOPLIST_KEY_UIApplicationSupportsIndirectInputEvents = YES;
				INFOPLIST_KEY_UILaunchScreen_Generation = YES;
				INFOPLIST_KEY_UISupportedInterfaceOrientations = UIInterfaceOrientationPortrait;
				INFOPLIST_KEY_UISupportedInterfaceOrientations_iPad = "UIInterfaceOrientationLandscapeLeft UIInterfaceOrientationLandscapeRight UIInterfaceOrientationPortrait UIInterfaceOrientationPortraitUpsideDown";
				IPHONEOS_DEPLOYMENT_TARGET = 16.0;
				LD_RUNPATH_SEARCH_PATHS = (
					"$(inherited)",
					"@executable_path/Frameworks",
				);
				MARKETING_VERSION = 1.0;
				PRODUCT_BUNDLE_IDENTIFIER = Nuvocom.SightCalc;
				PRODUCT_NAME = "$(TARGET_NAME)";
				SWIFT_EMIT_LOC_STRINGS = YES;
				SWIFT_VERSION = 5.0;
				TARGETED_DEVICE_FAMILY = "1,2";
			};
			name = Debug;
		};
		26DDB6A72B3A4CCB00522FEA /* Release */ = {
			isa = XCBuildConfiguration;
			buildSettings = {
				ASSETCATALOG_COMPILER_APPICON_NAME = AppIcon;
				ASSETCATALOG_COMPILER_GLOBAL_ACCENT_COLOR_NAME = AccentColor;
				CODE_SIGN_STYLE = Automatic;
				CURRENT_PROJECT_VERSION = 1;
				DEVELOPMENT_ASSET_PATHS = "\"SightCalc/Preview Content\"";
				DEVELOPMENT_TEAM = 68XXSW9RWL;
				ENABLE_PREVIEWS = YES;
				GENERATE_INFOPLIST_FILE = YES;
				INFOPLIST_KEY_UIApplicationSceneManifest_Generation = YES;
				INFOPLIST_KEY_UIApplicationSupportsIndirectInputEvents = YES;
				INFOPLIST_KEY_UILaunchScreen_Generation = YES;
				INFOPLIST_KEY_UISupportedInterfaceOrientations = UIInterfaceOrientationPortrait;
				INFOPLIST_KEY_UISupportedInterfaceOrientations_iPad = "UIInterfaceOrientationLandscapeLeft UIInterfaceOrientationLandscapeRight UIInterfaceOrientationPortrait UIInterfaceOrientationPortraitUpsideDown";
				IPHONEOS_DEPLOYMENT_TARGET = 16.0;
				LD_RUNPATH_SEARCH_PATHS = (
					"$(inherited)",
					"@executable_path/Frameworks",
				);
				MARKETING_VERSION = 1.0;
				PRODUCT_BUNDLE_IDENTIFIER = Nuvocom.SightCalc;
				PRODUCT_NAME = "$(TARGET_NAME)";
				SWIFT_EMIT_LOC_STRINGS = YES;
				SWIFT_VERSION = 5.0;
				TARGETED_DEVICE_FAMILY = "1,2";
			};
			name = Release;
		};
		26DDB6A92B3A4CCB00522FEA /* Debug */ = {
			isa = XCBuildConfiguration;
			buildSettings = {
				ALWAYS_EMBED_SWIFT_STANDARD_LIBRARIES = YES;
				BUNDLE_LOADER = "$(TEST_HOST)";
				CODE_SIGN_STYLE = Automatic;
				CURRENT_PROJECT_VERSION = 1;
				DEVELOPMENT_TEAM = 68XXSW9RWL;
				GENERATE_INFOPLIST_FILE = YES;
				IPHONEOS_DEPLOYMENT_TARGET = 15.5;
				MARKETING_VERSION = 1.0;
				PRODUCT_BUNDLE_IDENTIFIER = Nuvocom.SightCalcTests;
				PRODUCT_NAME = "$(TARGET_NAME)";
				SWIFT_EMIT_LOC_STRINGS = NO;
				SWIFT_VERSION = 5.0;
				TARGETED_DEVICE_FAMILY = "1,2";
				TEST_HOST = "$(BUILT_PRODUCTS_DIR)/SightCalc.app/SightCalc";
			};
			name = Debug;
		};
		26DDB6AA2B3A4CCB00522FEA /* Release */ = {
			isa = XCBuildConfiguration;
			buildSettings = {
				ALWAYS_EMBED_SWIFT_STANDARD_LIBRARIES = YES;
				BUNDLE_LOADER = "$(TEST_HOST)";
				CODE_SIGN_STYLE = Automatic;
				CURRENT_PROJECT_VERSION = 1;
				DEVELOPMENT_TEAM = 68XXSW9RWL;
				GENERATE_INFOPLIST_FILE = YES;
				IPHONEOS_DEPLOYMENT_TARGET = 15.5;
				MARKETING_VERSION = 1.0;
				PRODUCT_BUNDLE_IDENTIFIER = Nuvocom.SightCalcTests;
				PRODUCT_NAME = "$(TARGET_NAME)";
				SWIFT_EMIT_LOC_STRINGS = NO;
				SWIFT_VERSION = 5.0;
				TARGETED_DEVICE_FAMILY = "1,2";
				TEST_HOST = "$(BUILT_PRODUCTS_DIR)/SightCalc.app/SightCalc";
			};
			name = Release;
		};
		26DDB6AC2B3A4CCB00522FEA /* Debug */ = {
			isa = XCBuildConfiguration;
			buildSettings = {
				ALWAYS_EMBED_SWIFT_STANDARD_LIBRARIES = YES;
				CODE_SIGN_STYLE = Automatic;
				CURRENT_PROJECT_VERSION = 1;
				DEVELOPMENT_TEAM = 68XXSW9RWL;
				GENERATE_INFOPLIST_FILE = YES;
				MARKETING_VERSION = 1.0;
				PRODUCT_BUNDLE_IDENTIFIER = Nuvocom.SightCalcUITests;
				PRODUCT_NAME = "$(TARGET_NAME)";
				SWIFT_EMIT_LOC_STRINGS = NO;
				SWIFT_VERSION = 5.0;
				TARGETED_DEVICE_FAMILY = "1,2";
				TEST_TARGET_NAME = SightCalc;
			};
			name = Debug;
		};
		26DDB6AD2B3A4CCB00522FEA /* Release */ = {
			isa = XCBuildConfiguration;
			buildSettings = {
				ALWAYS_EMBED_SWIFT_STANDARD_LIBRARIES = YES;
				CODE_SIGN_STYLE = Automatic;
				CURRENT_PROJECT_VERSION = 1;
				DEVELOPMENT_TEAM = 68XXSW9RWL;
				GENERATE_INFOPLIST_FILE = YES;
				MARKETING_VERSION = 1.0;
				PRODUCT_BUNDLE_IDENTIFIER = Nuvocom.SightCalcUITests;
				PRODUCT_NAME = "$(TARGET_NAME)";
				SWIFT_EMIT_LOC_STRINGS = NO;
				SWIFT_VERSION = 5.0;
				TARGETED_DEVICE_FAMILY = "1,2";
				TEST_TARGET_NAME = SightCalc;
			};
			name = Release;
		};
/* End XCBuildConfiguration section */

/* Begin XCConfigurationList section */
		26DDB67C2B3A4CB700522FEA /* Build configuration list for PBXProject "SightCalc" */ = {
			isa = XCConfigurationList;
			buildConfigurations = (
				26DDB6A32B3A4CCB00522FEA /* Debug */,
				26DDB6A42B3A4CCB00522FEA /* Release */,
			);
			defaultConfigurationIsVisible = 0;
			defaultConfigurationName = Release;
		};
		26DDB6A52B3A4CCB00522FEA /* Build configuration list for PBXNativeTarget "SightCalc" */ = {
			isa = XCConfigurationList;
			buildConfigurations = (
				26DDB6A62B3A4CCB00522FEA /* Debug */,
				26DDB6A72B3A4CCB00522FEA /* Release */,
			);
			defaultConfigurationIsVisible = 0;
			defaultConfigurationName = Release;
		};
		26DDB6A82B3A4CCB00522FEA /* Build configuration list for PBXNativeTarget "SightCalcTests" */ = {
			isa = XCConfigurationList;
			buildConfigurations = (
				26DDB6A92B3A4CCB00522FEA /* Debug */,
				26DDB6AA2B3A4CCB00522FEA /* Release */,
			);
			defaultConfigurationIsVisible = 0;
			defaultConfigurationName = Release;
		};
		26DDB6AB2B3A4CCB00522FEA /* Build configuration list for PBXNativeTarget "SightCalcUITests" */ = {
			isa = XCConfigurationList;
			buildConfigurations = (
				26DDB6AC2B3A4CCB00522FEA /* Debug */,
				26DDB6AD2B3A4CCB00522FEA /* Release */,
			);
			defaultConfigurationIsVisible = 0;
			defaultConfigurationName = Release;
		};
/* End XCConfigurationList section */
	};
	rootObject = 26DDB6792B3A4CB700522FEA /* Project object */;
}
